
Microsoft Visual Studio Solution File, Format Version 12.00
# Visual Studio Version 17
VisualStudioVersion = 17.6.33723.286
MinimumVisualStudioVersion = 10.0.40219.1
Project("{FAE04EC0-301F-11D3-BF4B-00C04F79EFBC}") = "Cache_Memory_Benchmark", "Cache_Memory_Benchmark.csproj", "{1127C787-68A2-42F0-B103-9C9029284A59}"
EndProject
Project("{54435603-DBB4-11D2-8724-00A0C9A8B90C}") = "Cache and Memory Benchmark Setup", "..\Cache and Memory Benchmark Setup\Cache and Memory Benchmark Setup.vdproj", "{FFDF380D-AF94-45CF-B615-7D3195B61975}"
EndProject
Global
	GlobalSection(SolutionConfigurationPlatforms) = preSolution
		Debug|Any CPU = Debug|Any CPU
		Release|Any CPU = Release|Any CPU
	EndGlobalSection
	GlobalSection(ProjectConfigurationPlatforms) = postSolution
		{1127C787-68A2-42F0-B103-9C9029284A59}.Debug|Any CPU.ActiveCfg = Debug|Any CPU
		{1127C787-68A2-42F0-B103-9C9029284A59}.Debug|Any CPU.Build.0 = Debug|Any CPU
		{1127C787-68A2-42F0-B103-9C9029284A59}.Release|Any CPU.ActiveCfg = Release|Any CPU
		{1127C787-68A2-42F0-B103-9C9029284A59}.Release|Any CPU.Build.0 = Release|Any CPU
		{FFDF380D-AF94-45CF-B615-7D3195B61975}.Debug|Any CPU.ActiveCfg = Debug
		{FFDF380D-AF94-45CF-B615-7D3195B61975}.Release|Any CPU.ActiveCfg = Release
	EndGlobalSection
	GlobalSection(SolutionProperties) = preSolution
		HideSolutionNode = FALSE
	EndGlobalSection
	GlobalSection(ExtensibilityGlobals) = postSolution
		SolutionGuid = {0425613D-3C6D-4A34-B0C7-918B41D47AAE}
	EndGlobalSection
EndGlobal
